
Microsoft Visual Studio Solution File, Format Version 12.00
# Visual Studio Version 17
VisualStudioVersion = 17.14.36408.4 d17.14
MinimumVisualStudioVersion = 10.0.40219.1
Project("{54A90642-561A-4BB1-A94E-469ADEE60C69}") = "dsm-application.client", "dsm-application.client\dsm-application.client.esproj", "{31C46B0F-0551-3FC2-990E-3B31EA459846}"
EndProject
Project("{FAE04EC0-301F-11D3-BF4B-00C04F79EFBC}") = "DSM-Application.Server", "DSM-Application.Server\DSM-Application.Server.csproj", "{B84B6D15-173E-4630-85D0-3DF668135640}"
EndProject
Global
	GlobalSection(SolutionConfigurationPlatforms) = preSolution
		Debug|Any CPU = Debug|Any CPU
		Release|Any CPU = Release|Any CPU
	EndGlobalSection
	GlobalSection(ProjectConfigurationPlatforms) = postSolution
		{31C46B0F-0551-3FC2-990E-3B31EA459846}.Debug|Any CPU.ActiveCfg = Debug|Any CPU
		{31C46B0F-0551-3FC2-990E-3B31EA459846}.Debug|Any CPU.Build.0 = Debug|Any CPU
		{31C46B0F-0551-3FC2-990E-3B31EA459846}.Debug|Any CPU.Deploy.0 = Debug|Any CPU
		{31C46B0F-0551-3FC2-990E-3B31EA459846}.Release|Any CPU.ActiveCfg = Release|Any CPU
		{31C46B0F-0551-3FC2-990E-3B31EA459846}.Release|Any CPU.Build.0 = Release|Any CPU
		{31C46B0F-0551-3FC2-990E-3B31EA459846}.Release|Any CPU.Deploy.0 = Release|Any CPU
		{B84B6D15-173E-4630-85D0-3DF668135640}.Debug|Any CPU.ActiveCfg = Debug|Any CPU
		{B84B6D15-173E-4630-85D0-3DF668135640}.Debug|Any CPU.Build.0 = Debug|Any CPU
		{B84B6D15-173E-4630-85D0-3DF668135640}.Release|Any CPU.ActiveCfg = Release|Any CPU
		{B84B6D15-173E-4630-85D0-3DF668135640}.Release|Any CPU.Build.0 = Release|Any CPU
	EndGlobalSection
	GlobalSection(SolutionProperties) = preSolution
		HideSolutionNode = FALSE
	EndGlobalSection
	GlobalSection(ExtensibilityGlobals) = postSolution
		SolutionGuid = {CFF1872D-1BD4-4ED4-9B1C-9BA2BDF94608}
	EndGlobalSection
EndGlobal
